// !$*UTF8*$!
{
	archiveVersion = 1;
	classes = {
	};
	objectVersion = 46;
	objects = {

/* Begin PBXBuildFile section */
		7204C9701B3A0D44000CB6AD /* CoreLocation.framework in Frameworks */ = {isa = PBXBuildFile; fileRef = 7204C96F1B3A0D44000CB6AD /* CoreLocation.framework */; };
		725070DD1BEE1FF90078EA82 /* NewTrackableController.m in Sources */ = {isa = PBXBuildFile; fileRef = 725070DC1BEE1FF90078EA82 /* NewTrackableController.m */; };
		725070E11BEE20CB0078EA82 /* Trackable.m in Sources */ = {isa = PBXBuildFile; fileRef = 725070E01BEE20CB0078EA82 /* Trackable.m */; };
		725610941B3362B800E52A42 /* main.m in Sources */ = {isa = PBXBuildFile; fileRef = 725610931B3362B800E52A42 /* main.m */; };
		725610971B3362B800E52A42 /* AppDelegate.m in Sources */ = {isa = PBXBuildFile; fileRef = 725610961B3362B800E52A42 /* AppDelegate.m */; };
		7256109A1B3362B800E52A42 /* TrackMe.xcdatamodeld in Sources */ = {isa = PBXBuildFile; fileRef = 725610981B3362B800E52A42 /* TrackMe.xcdatamodeld */; };
		7256109D1B3362B800E52A42 /* LoginViewController.m in Sources */ = {isa = PBXBuildFile; fileRef = 7256109C1B3362B800E52A42 /* LoginViewController.m */; };
		725610A21B3362B800E52A42 /* Images.xcassets in Resources */ = {isa = PBXBuildFile; fileRef = 725610A11B3362B800E52A42 /* Images.xcassets */; };
		725610A51B3362B800E52A42 /* LaunchScreen.xib in Resources */ = {isa = PBXBuildFile; fileRef = 725610A31B3362B800E52A42 /* LaunchScreen.xib */; };
		725610B11B3362B900E52A42 /* TrackMeTests.m in Sources */ = {isa = PBXBuildFile; fileRef = 725610B01B3362B900E52A42 /* TrackMeTests.m */; };
		726EAAD21BE9231E0034134C /* MenuViewController.m in Sources */ = {isa = PBXBuildFile; fileRef = 726EAAD11BE9231E0034134C /* MenuViewController.m */; };
		726EAAD61BE923480034134C /* SWRevealViewController.m in Sources */ = {isa = PBXBuildFile; fileRef = 726EAAD51BE923480034134C /* SWRevealViewController.m */; };
		726EAAD91BE935700034134C /* CustomAnimationController.m in Sources */ = {isa = PBXBuildFile; fileRef = 726EAAD81BE935700034134C /* CustomAnimationController.m */; };
		726EAADC1BE937070034134C /* UIKit.framework in Frameworks */ = {isa = PBXBuildFile; fileRef = 726EAADB1BE937070034134C /* UIKit.framework */; };
		726EAADE1BE937110034134C /* Foundation.framework in Frameworks */ = {isa = PBXBuildFile; fileRef = 726EAADD1BE937110034134C /* Foundation.framework */; };
		726EAAE01BE937760034134C /* CoreGraphics.framework in Frameworks */ = {isa = PBXBuildFile; fileRef = 726EAADF1BE937760034134C /* CoreGraphics.framework */; };
		726EAAE31BE939C10034134C /* HomeViewController.m in Sources */ = {isa = PBXBuildFile; fileRef = 726EAAE21BE939C10034134C /* HomeViewController.m */; };
		726EAAE61BE9681C0034134C /* reveal-icon@2x.png in Resources */ = {isa = PBXBuildFile; fileRef = 726EAAE41BE9681C0034134C /* reveal-icon@2x.png */; };
		726EAAE71BE9681C0034134C /* reveal-icon.png in Resources */ = {isa = PBXBuildFile; fileRef = 726EAAE51BE9681C0034134C /* reveal-icon.png */; };
		726EAAE91BE96F5F0034134C /* MainStoryboard.storyboard in Resources */ = {isa = PBXBuildFile; fileRef = 726EAAE81BE96F5F0034134C /* MainStoryboard.storyboard */; };
		726EAAEC1BE984D90034134C /* TrackablesViewController.m in Sources */ = {isa = PBXBuildFile; fileRef = 726EAAEB1BE984D90034134C /* TrackablesViewController.m */; };
		726EAAEF1BE984EA0034134C /* DevicesViewController.m in Sources */ = {isa = PBXBuildFile; fileRef = 726EAAEE1BE984EA0034134C /* DevicesViewController.m */; };
		726EAAF21BE98AFE0034134C /* SettingsViewController.m in Sources */ = {isa = PBXBuildFile; fileRef = 726EAAF11BE98AFE0034134C /* SettingsViewController.m */; };
		726EAAF51BE98FFF0034134C /* ProfileViewController.m in Sources */ = {isa = PBXBuildFile; fileRef = 726EAAF41BE98FFF0034134C /* ProfileViewController.m */; };
		72DB9F941BE81E3400DDEC75 /* MapViewController.m in Sources */ = {isa = PBXBuildFile; fileRef = 72DB9F931BE81E3400DDEC75 /* MapViewController.m */; };
		FF030E7196A07D12D45F98A6 /* libPods.a in Frameworks */ = {isa = PBXBuildFile; fileRef = 34A74A0ED50FDFB829CFB364 /* libPods.a */; };
/* End PBXBuildFile section */

/* Begin PBXContainerItemProxy section */
		725610AB1B3362B900E52A42 /* PBXContainerItemProxy */ = {
			isa = PBXContainerItemProxy;
			containerPortal = 725610861B3362B800E52A42 /* Project object */;
			proxyType = 1;
			remoteGlobalIDString = 7256108D1B3362B800E52A42;
			remoteInfo = TrackMe;
		};
/* End PBXContainerItemProxy section */

/* Begin PBXFileReference section */
		2B1DC82C3AF03702F71D016A /* Pods.debug.xcconfig */ = {isa = PBXFileReference; includeInIndex = 1; lastKnownFileType = text.xcconfig; name = Pods.debug.xcconfig; path = "Pods/Target Support Files/Pods/Pods.debug.xcconfig"; sourceTree = "<group>"; };
		34A74A0ED50FDFB829CFB364 /* libPods.a */ = {isa = PBXFileReference; explicitFileType = archive.ar; includeInIndex = 0; path = libPods.a; sourceTree = BUILT_PRODUCTS_DIR; };
		7204C96F1B3A0D44000CB6AD /* CoreLocation.framework */ = {isa = PBXFileReference; lastKnownFileType = wrapper.framework; name = CoreLocation.framework; path = System/Library/Frameworks/CoreLocation.framework; sourceTree = SDKROOT; };
		7208A8C81BEA9B9500CAA4A6 /* Constants.h */ = {isa = PBXFileReference; lastKnownFileType = sourcecode.c.h; path = Constants.h; sourceTree = "<group>"; };
		725070DB1BEE1FF90078EA82 /* NewTrackableController.h */ = {isa = PBXFileReference; fileEncoding = 4; lastKnownFileType = sourcecode.c.h; path = NewTrackableController.h; sourceTree = "<group>"; };
		725070DC1BEE1FF90078EA82 /* NewTrackableController.m */ = {isa = PBXFileReference; fileEncoding = 4; lastKnownFileType = sourcecode.c.objc; path = NewTrackableController.m; sourceTree = "<group>"; };
		725070DF1BEE20CB0078EA82 /* Trackable.h */ = {isa = PBXFileReference; fileEncoding = 4; lastKnownFileType = sourcecode.c.h; path = Trackable.h; sourceTree = "<group>"; };
		725070E01BEE20CB0078EA82 /* Trackable.m */ = {isa = PBXFileReference; fileEncoding = 4; lastKnownFileType = sourcecode.c.objc; path = Trackable.m; sourceTree = "<group>"; };
		7256108E1B3362B800E52A42 /* TrackMe.app */ = {isa = PBXFileReference; explicitFileType = wrapper.application; includeInIndex = 0; path = TrackMe.app; sourceTree = BUILT_PRODUCTS_DIR; };
		725610921B3362B800E52A42 /* Info.plist */ = {isa = PBXFileReference; lastKnownFileType = text.plist.xml; path = Info.plist; sourceTree = "<group>"; };
		725610931B3362B800E52A42 /* main.m */ = {isa = PBXFileReference; lastKnownFileType = sourcecode.c.objc; path = main.m; sourceTree = "<group>"; };
		725610951B3362B800E52A42 /* AppDelegate.h */ = {isa = PBXFileReference; lastKnownFileType = sourcecode.c.h; path = AppDelegate.h; sourceTree = "<group>"; };
		725610961B3362B800E52A42 /* AppDelegate.m */ = {isa = PBXFileReference; lastKnownFileType = sourcecode.c.objc; path = AppDelegate.m; sourceTree = "<group>"; };
		725610991B3362B800E52A42 /* TrackMe.xcdatamodel */ = {isa = PBXFileReference; lastKnownFileType = wrapper.xcdatamodel; path = TrackMe.xcdatamodel; sourceTree = "<group>"; };
		7256109B1B3362B800E52A42 /* LoginViewController.h */ = {isa = PBXFileReference; lastKnownFileType = sourcecode.c.h; path = LoginViewController.h; sourceTree = "<group>"; };
		7256109C1B3362B800E52A42 /* LoginViewController.m */ = {isa = PBXFileReference; lastKnownFileType = sourcecode.c.objc; path = LoginViewController.m; sourceTree = "<group>"; };
		725610A11B3362B800E52A42 /* Images.xcassets */ = {isa = PBXFileReference; lastKnownFileType = folder.assetcatalog; path = Images.xcassets; sourceTree = "<group>"; };
		725610A41B3362B800E52A42 /* Base */ = {isa = PBXFileReference; lastKnownFileType = file.xib; name = Base; path = Base.lproj/LaunchScreen.xib; sourceTree = "<group>"; };
		725610AA1B3362B900E52A42 /* TrackMeTests.xctest */ = {isa = PBXFileReference; explicitFileType = wrapper.cfbundle; includeInIndex = 0; path = TrackMeTests.xctest; sourceTree = BUILT_PRODUCTS_DIR; };
		725610AF1B3362B900E52A42 /* Info.plist */ = {isa = PBXFileReference; lastKnownFileType = text.plist.xml; path = Info.plist; sourceTree = "<group>"; };
		725610B01B3362B900E52A42 /* TrackMeTests.m */ = {isa = PBXFileReference; lastKnownFileType = sourcecode.c.objc; path = TrackMeTests.m; sourceTree = "<group>"; };
		726EAAD01BE9231E0034134C /* MenuViewController.h */ = {isa = PBXFileReference; fileEncoding = 4; lastKnownFileType = sourcecode.c.h; path = MenuViewController.h; sourceTree = "<group>"; };
		726EAAD11BE9231E0034134C /* MenuViewController.m */ = {isa = PBXFileReference; fileEncoding = 4; lastKnownFileType = sourcecode.c.objc; path = MenuViewController.m; sourceTree = "<group>"; };
		726EAAD41BE923480034134C /* SWRevealViewController.h */ = {isa = PBXFileReference; fileEncoding = 4; lastKnownFileType = sourcecode.c.h; path = SWRevealViewController.h; sourceTree = "<group>"; };
		726EAAD51BE923480034134C /* SWRevealViewController.m */ = {isa = PBXFileReference; fileEncoding = 4; lastKnownFileType = sourcecode.c.objc; path = SWRevealViewController.m; sourceTree = "<group>"; };
		726EAAD71BE935700034134C /* CustomAnimationController.h */ = {isa = PBXFileReference; fileEncoding = 4; lastKnownFileType = sourcecode.c.h; path = CustomAnimationController.h; sourceTree = "<group>"; };
		726EAAD81BE935700034134C /* CustomAnimationController.m */ = {isa = PBXFileReference; fileEncoding = 4; lastKnownFileType = sourcecode.c.objc; path = CustomAnimationController.m; sourceTree = "<group>"; };
		726EAADB1BE937070034134C /* UIKit.framework */ = {isa = PBXFileReference; lastKnownFileType = wrapper.framework; name = UIKit.framework; path = System/Library/Frameworks/UIKit.framework; sourceTree = SDKROOT; };
		726EAADD1BE937110034134C /* Foundation.framework */ = {isa = PBXFileReference; lastKnownFileType = wrapper.framework; name = Foundation.framework; path = System/Library/Frameworks/Foundation.framework; sourceTree = SDKROOT; };
		726EAADF1BE937760034134C /* CoreGraphics.framework */ = {isa = PBXFileReference; lastKnownFileType = wrapper.framework; name = CoreGraphics.framework; path = System/Library/Frameworks/CoreGraphics.framework; sourceTree = SDKROOT; };
		726EAAE11BE939C10034134C /* HomeViewController.h */ = {isa = PBXFileReference; fileEncoding = 4; lastKnownFileType = sourcecode.c.h; path = HomeViewController.h; sourceTree = "<group>"; };
		726EAAE21BE939C10034134C /* HomeViewController.m */ = {isa = PBXFileReference; fileEncoding = 4; lastKnownFileType = sourcecode.c.objc; path = HomeViewController.m; sourceTree = "<group>"; };
		726EAAE41BE9681C0034134C /* reveal-icon@2x.png */ = {isa = PBXFileReference; lastKnownFileType = image.png; path = "reveal-icon@2x.png"; sourceTree = "<group>"; };
		726EAAE51BE9681C0034134C /* reveal-icon.png */ = {isa = PBXFileReference; lastKnownFileType = image.png; path = "reveal-icon.png"; sourceTree = "<group>"; };
		726EAAE81BE96F5F0034134C /* MainStoryboard.storyboard */ = {isa = PBXFileReference; fileEncoding = 4; lastKnownFileType = file.storyboard; path = MainStoryboard.storyboard; sourceTree = "<group>"; };
		726EAAEA1BE984D90034134C /* TrackablesViewController.h */ = {isa = PBXFileReference; fileEncoding = 4; lastKnownFileType = sourcecode.c.h; path = TrackablesViewController.h; sourceTree = "<group>"; };
		726EAAEB1BE984D90034134C /* TrackablesViewController.m */ = {isa = PBXFileReference; fileEncoding = 4; lastKnownFileType = sourcecode.c.objc; path = TrackablesViewController.m; sourceTree = "<group>"; };
		726EAAED1BE984EA0034134C /* DevicesViewController.h */ = {isa = PBXFileReference; fileEncoding = 4; lastKnownFileType = sourcecode.c.h; path = DevicesViewController.h; sourceTree = "<group>"; };
		726EAAEE1BE984EA0034134C /* DevicesViewController.m */ = {isa = PBXFileReference; fileEncoding = 4; lastKnownFileType = sourcecode.c.objc; path = DevicesViewController.m; sourceTree = "<group>"; };
		726EAAF01BE98AFE0034134C /* SettingsViewController.h */ = {isa = PBXFileReference; fileEncoding = 4; lastKnownFileType = sourcecode.c.h; path = SettingsViewController.h; sourceTree = "<group>"; };
		726EAAF11BE98AFE0034134C /* SettingsViewController.m */ = {isa = PBXFileReference; fileEncoding = 4; lastKnownFileType = sourcecode.c.objc; path = SettingsViewController.m; sourceTree = "<group>"; };
		726EAAF31BE98FFF0034134C /* ProfileViewController.h */ = {isa = PBXFileReference; fileEncoding = 4; lastKnownFileType = sourcecode.c.h; path = ProfileViewController.h; sourceTree = "<group>"; };
		726EAAF41BE98FFF0034134C /* ProfileViewController.m */ = {isa = PBXFileReference; fileEncoding = 4; lastKnownFileType = sourcecode.c.objc; path = ProfileViewController.m; sourceTree = "<group>"; };
		72DB9F921BE81E3400DDEC75 /* MapViewController.h */ = {isa = PBXFileReference; fileEncoding = 4; lastKnownFileType = sourcecode.c.h; path = MapViewController.h; sourceTree = "<group>"; };
		72DB9F931BE81E3400DDEC75 /* MapViewController.m */ = {isa = PBXFileReference; fileEncoding = 4; lastKnownFileType = sourcecode.c.objc; path = MapViewController.m; sourceTree = "<group>"; };
		BA808A83FE33D0998EE4A9FD /* Pods.release.xcconfig */ = {isa = PBXFileReference; includeInIndex = 1; lastKnownFileType = text.xcconfig; name = Pods.release.xcconfig; path = "Pods/Target Support Files/Pods/Pods.release.xcconfig"; sourceTree = "<group>"; };
/* End PBXFileReference section */

/* Begin PBXFrameworksBuildPhase section */
		7256108B1B3362B800E52A42 /* Frameworks */ = {
			isa = PBXFrameworksBuildPhase;
			buildActionMask = 2147483647;
			files = (
				726EAAE01BE937760034134C /* CoreGraphics.framework in Frameworks */,
				726EAADE1BE937110034134C /* Foundation.framework in Frameworks */,
				726EAADC1BE937070034134C /* UIKit.framework in Frameworks */,
				7204C9701B3A0D44000CB6AD /* CoreLocation.framework in Frameworks */,
				FF030E7196A07D12D45F98A6 /* libPods.a in Frameworks */,
			);
			runOnlyForDeploymentPostprocessing = 0;
		};
		725610A71B3362B900E52A42 /* Frameworks */ = {
			isa = PBXFrameworksBuildPhase;
			buildActionMask = 2147483647;
			files = (
			);
			runOnlyForDeploymentPostprocessing = 0;
		};
/* End PBXFrameworksBuildPhase section */

/* Begin PBXGroup section */
		290457B3D6669DA88E8D195E /* Pods */ = {
			isa = PBXGroup;
			children = (
				2B1DC82C3AF03702F71D016A /* Pods.debug.xcconfig */,
				BA808A83FE33D0998EE4A9FD /* Pods.release.xcconfig */,
			);
			name = Pods;
			sourceTree = "<group>";
		};
		725070DE1BEE20AF0078EA82 /* models */ = {
			isa = PBXGroup;
			children = (
				725070DF1BEE20CB0078EA82 /* Trackable.h */,
				725070E01BEE20CB0078EA82 /* Trackable.m */,
			);
			name = models;
			sourceTree = "<group>";
		};
		725610851B3362B800E52A42 = {
			isa = PBXGroup;
			children = (
				725610901B3362B800E52A42 /* TrackMe */,
				725610AD1B3362B900E52A42 /* TrackMeTests */,
				7256108F1B3362B800E52A42 /* Products */,
				290457B3D6669DA88E8D195E /* Pods */,
				914D775905C3ADA24D055E66 /* Frameworks */,
			);
			sourceTree = "<group>";
		};
		7256108F1B3362B800E52A42 /* Products */ = {
			isa = PBXGroup;
			children = (
				7256108E1B3362B800E52A42 /* TrackMe.app */,
				725610AA1B3362B900E52A42 /* TrackMeTests.xctest */,
			);
			name = Products;
			sourceTree = "<group>";
		};
		725610901B3362B800E52A42 /* TrackMe */ = {
			isa = PBXGroup;
			children = (
				726EAADA1BE935770034134C /* Animation Controllers */,
				726EAAD31BE923480034134C /* SWRevealViewController */,
				725610951B3362B800E52A42 /* AppDelegate.h */,
				725070DE1BEE20AF0078EA82 /* models */,
				7208A8C81BEA9B9500CAA4A6 /* Constants.h */,
				725610961B3362B800E52A42 /* AppDelegate.m */,
				726EAAEA1BE984D90034134C /* TrackablesViewController.h */,
				726EAAEB1BE984D90034134C /* TrackablesViewController.m */,
				726EAAED1BE984EA0034134C /* DevicesViewController.h */,
				726EAAEE1BE984EA0034134C /* DevicesViewController.m */,
				726EAAE11BE939C10034134C /* HomeViewController.h */,
				726EAAE21BE939C10034134C /* HomeViewController.m */,
				726EAAD01BE9231E0034134C /* MenuViewController.h */,
				726EAAD11BE9231E0034134C /* MenuViewController.m */,
				726EAAF01BE98AFE0034134C /* SettingsViewController.h */,
				726EAAF11BE98AFE0034134C /* SettingsViewController.m */,
				7256109B1B3362B800E52A42 /* LoginViewController.h */,
				7256109C1B3362B800E52A42 /* LoginViewController.m */,
				726EAAE81BE96F5F0034134C /* MainStoryboard.storyboard */,
				725070DB1BEE1FF90078EA82 /* NewTrackableController.h */,
				725070DC1BEE1FF90078EA82 /* NewTrackableController.m */,
				726EAAF31BE98FFF0034134C /* ProfileViewController.h */,
				726EAAF41BE98FFF0034134C /* ProfileViewController.m */,
				725610A11B3362B800E52A42 /* Images.xcassets */,
				725610A31B3362B800E52A42 /* LaunchScreen.xib */,
				725610981B3362B800E52A42 /* TrackMe.xcdatamodeld */,
				725610911B3362B800E52A42 /* Supporting Files */,
				72DB9F921BE81E3400DDEC75 /* MapViewController.h */,
				72DB9F931BE81E3400DDEC75 /* MapViewController.m */,
			);
			path = TrackMe;
			sourceTree = "<group>";
		};
		725610911B3362B800E52A42 /* Supporting Files */ = {
			isa = PBXGroup;
			children = (
				726EAAE41BE9681C0034134C /* reveal-icon@2x.png */,
				726EAAE51BE9681C0034134C /* reveal-icon.png */,
				725610921B3362B800E52A42 /* Info.plist */,
				725610931B3362B800E52A42 /* main.m */,
			);
			name = "Supporting Files";
			sourceTree = "<group>";
		};
		725610AD1B3362B900E52A42 /* TrackMeTests */ = {
			isa = PBXGroup;
			children = (
				725610B01B3362B900E52A42 /* TrackMeTests.m */,
				725610AE1B3362B900E52A42 /* Supporting Files */,
			);
			path = TrackMeTests;
			sourceTree = "<group>";
		};
		725610AE1B3362B900E52A42 /* Supporting Files */ = {
			isa = PBXGroup;
			children = (
				725610AF1B3362B900E52A42 /* Info.plist */,
			);
			name = "Supporting Files";
			sourceTree = "<group>";
		};
		726EAAD31BE923480034134C /* SWRevealViewController */ = {
			isa = PBXGroup;
			children = (
				726EAAD41BE923480034134C /* SWRevealViewController.h */,
				726EAAD51BE923480034134C /* SWRevealViewController.m */,
			);
			path = SWRevealViewController;
			sourceTree = "<group>";
		};
		726EAADA1BE935770034134C /* Animation Controllers */ = {
			isa = PBXGroup;
			children = (
				726EAAD71BE935700034134C /* CustomAnimationController.h */,
				726EAAD81BE935700034134C /* CustomAnimationController.m */,
			);
			name = "Animation Controllers";
			sourceTree = "<group>";
		};
		914D775905C3ADA24D055E66 /* Frameworks */ = {
			isa = PBXGroup;
			children = (
				726EAADF1BE937760034134C /* CoreGraphics.framework */,
				7204C96F1B3A0D44000CB6AD /* CoreLocation.framework */,
				726EAADD1BE937110034134C /* Foundation.framework */,
				726EAADB1BE937070034134C /* UIKit.framework */,
				34A74A0ED50FDFB829CFB364 /* libPods.a */,
			);
			name = Frameworks;
			sourceTree = "<group>";
		};
/* End PBXGroup section */

/* Begin PBXNativeTarget section */
		7256108D1B3362B800E52A42 /* TrackMe */ = {
			isa = PBXNativeTarget;
			buildConfigurationList = 725610B41B3362B900E52A42 /* Build configuration list for PBXNativeTarget "TrackMe" */;
			buildPhases = (
				B8F72E515C2C6C87A843C77E /* Check Pods Manifest.lock */,
				7256108A1B3362B800E52A42 /* Sources */,
				7256108B1B3362B800E52A42 /* Frameworks */,
				7256108C1B3362B800E52A42 /* Resources */,
				F84D0608055A60791A8805C1 /* Embed Pods Frameworks */,
				51D55D98A9CD9E4D70176DE2 /* Copy Pods Resources */,
			);
			buildRules = (
			);
			dependencies = (
			);
			name = TrackMe;
			productName = TrackMe;
			productReference = 7256108E1B3362B800E52A42 /* TrackMe.app */;
			productType = "com.apple.product-type.application";
		};
		725610A91B3362B900E52A42 /* TrackMeTests */ = {
			isa = PBXNativeTarget;
			buildConfigurationList = 725610B71B3362B900E52A42 /* Build configuration list for PBXNativeTarget "TrackMeTests" */;
			buildPhases = (
				725610A61B3362B900E52A42 /* Sources */,
				725610A71B3362B900E52A42 /* Frameworks */,
				725610A81B3362B900E52A42 /* Resources */,
			);
			buildRules = (
			);
			dependencies = (
				725610AC1B3362B900E52A42 /* PBXTargetDependency */,
			);
			name = TrackMeTests;
			productName = TrackMeTests;
			productReference = 725610AA1B3362B900E52A42 /* TrackMeTests.xctest */;
			productType = "com.apple.product-type.bundle.unit-test";
		};
/* End PBXNativeTarget section */

/* Begin PBXProject section */
		725610861B3362B800E52A42 /* Project object */ = {
			isa = PBXProject;
			attributes = {
				LastUpgradeCheck = 0630;
				ORGANIZATIONNAME = "Paulo Cristo";
				TargetAttributes = {
					7256108D1B3362B800E52A42 = {
						CreatedOnToolsVersion = 6.3.2;
					};
					725610A91B3362B900E52A42 = {
						CreatedOnToolsVersion = 6.3.2;
						TestTargetID = 7256108D1B3362B800E52A42;
					};
				};
			};
			buildConfigurationList = 725610891B3362B800E52A42 /* Build configuration list for PBXProject "TrackMe" */;
			compatibilityVersion = "Xcode 3.2";
			developmentRegion = English;
			hasScannedForEncodings = 0;
			knownRegions = (
				en,
				Base,
			);
			mainGroup = 725610851B3362B800E52A42;
			productRefGroup = 7256108F1B3362B800E52A42 /* Products */;
			projectDirPath = "";
			projectRoot = "";
			targets = (
				7256108D1B3362B800E52A42 /* TrackMe */,
				725610A91B3362B900E52A42 /* TrackMeTests */,
			);
		};
/* End PBXProject section */

/* Begin PBXResourcesBuildPhase section */
		7256108C1B3362B800E52A42 /* Resources */ = {
			isa = PBXResourcesBuildPhase;
			buildActionMask = 2147483647;
			files = (
				726EAAE91BE96F5F0034134C /* MainStoryboard.storyboard in Resources */,
				726EAAE61BE9681C0034134C /* reveal-icon@2x.png in Resources */,
				725610A51B3362B800E52A42 /* LaunchScreen.xib in Resources */,
				725610A21B3362B800E52A42 /* Images.xcassets in Resources */,
				726EAAE71BE9681C0034134C /* reveal-icon.png in Resources */,
			);
			runOnlyForDeploymentPostprocessing = 0;
		};
		725610A81B3362B900E52A42 /* Resources */ = {
			isa = PBXResourcesBuildPhase;
			buildActionMask = 2147483647;
			files = (
			);
			runOnlyForDeploymentPostprocessing = 0;
		};
/* End PBXResourcesBuildPhase section */

/* Begin PBXShellScriptBuildPhase section */
		51D55D98A9CD9E4D70176DE2 /* Copy Pods Resources */ = {
			isa = PBXShellScriptBuildPhase;
			buildActionMask = 2147483647;
			files = (
			);
			inputPaths = (
			);
			name = "Copy Pods Resources";
			outputPaths = (
			);
			runOnlyForDeploymentPostprocessing = 0;
			shellPath = /bin/sh;
			shellScript = "\"${SRCROOT}/Pods/Target Support Files/Pods/Pods-resources.sh\"\n";
			showEnvVarsInLog = 0;
		};
		B8F72E515C2C6C87A843C77E /* Check Pods Manifest.lock */ = {
			isa = PBXShellScriptBuildPhase;
			buildActionMask = 2147483647;
			files = (
			);
			inputPaths = (
			);
			name = "Check Pods Manifest.lock";
			outputPaths = (
			);
			runOnlyForDeploymentPostprocessing = 0;
			shellPath = /bin/sh;
			shellScript = "diff \"${PODS_ROOT}/../Podfile.lock\" \"${PODS_ROOT}/Manifest.lock\" > /dev/null\nif [[ $? != 0 ]] ; then\n    cat << EOM\nerror: The sandbox is not in sync with the Podfile.lock. Run 'pod install' or update your CocoaPods installation.\nEOM\n    exit 1\nfi\n";
			showEnvVarsInLog = 0;
		};
		F84D0608055A60791A8805C1 /* Embed Pods Frameworks */ = {
			isa = PBXShellScriptBuildPhase;
			buildActionMask = 2147483647;
			files = (
			);
			inputPaths = (
			);
			name = "Embed Pods Frameworks";
			outputPaths = (
			);
			runOnlyForDeploymentPostprocessing = 0;
			shellPath = /bin/sh;
			shellScript = "\"${SRCROOT}/Pods/Target Support Files/Pods/Pods-frameworks.sh\"\n";
			showEnvVarsInLog = 0;
		};
/* End PBXShellScriptBuildPhase section */

/* Begin PBXSourcesBuildPhase section */
		7256108A1B3362B800E52A42 /* Sources */ = {
			isa = PBXSourcesBuildPhase;
			buildActionMask = 2147483647;
			files = (
				726EAAD61BE923480034134C /* SWRevealViewController.m in Sources */,
				725610971B3362B800E52A42 /* AppDelegate.m in Sources */,
				726EAAEF1BE984EA0034134C /* DevicesViewController.m in Sources */,
				726EAAF21BE98AFE0034134C /* SettingsViewController.m in Sources */,
				7256109A1B3362B800E52A42 /* TrackMe.xcdatamodeld in Sources */,
				72DB9F941BE81E3400DDEC75 /* MapViewController.m in Sources */,
				725070DD1BEE1FF90078EA82 /* NewTrackableController.m in Sources */,
				7256109D1B3362B800E52A42 /* LoginViewController.m in Sources */,
				726EAAE31BE939C10034134C /* HomeViewController.m in Sources */,
				726EAAD91BE935700034134C /* CustomAnimationController.m in Sources */,
				726EAAF51BE98FFF0034134C /* ProfileViewController.m in Sources */,
				726EAAD21BE9231E0034134C /* MenuViewController.m in Sources */,
				726EAAEC1BE984D90034134C /* TrackablesViewController.m in Sources */,
				725610941B3362B800E52A42 /* main.m in Sources */,
				725070E11BEE20CB0078EA82 /* Trackable.m in Sources */,
			);
			runOnlyForDeploymentPostprocessing = 0;
		};
		725610A61B3362B900E52A42 /* Sources */ = {
			isa = PBXSourcesBuildPhase;
			buildActionMask = 2147483647;
			files = (
				725610B11B3362B900E52A42 /* TrackMeTests.m in Sources */,
			);
			runOnlyForDeploymentPostprocessing = 0;
		};
/* End PBXSourcesBuildPhase section */

/* Begin PBXTargetDependency section */
		725610AC1B3362B900E52A42 /* PBXTargetDependency */ = {
			isa = PBXTargetDependency;
			target = 7256108D1B3362B800E52A42 /* TrackMe */;
			targetProxy = 725610AB1B3362B900E52A42 /* PBXContainerItemProxy */;
		};
/* End PBXTargetDependency section */

/* Begin PBXVariantGroup section */
		725610A31B3362B800E52A42 /* LaunchScreen.xib */ = {
			isa = PBXVariantGroup;
			children = (
				725610A41B3362B800E52A42 /* Base */,
			);
			name = LaunchScreen.xib;
			sourceTree = "<group>";
		};
/* End PBXVariantGroup section */

/* Begin XCBuildConfiguration section */
		725610B21B3362B900E52A42 /* Debug */ = {
			isa = XCBuildConfiguration;
			buildSettings = {
				ALWAYS_SEARCH_USER_PATHS = NO;
				CLANG_CXX_LANGUAGE_STANDARD = "gnu++0x";
				CLANG_CXX_LIBRARY = "libc++";
				CLANG_ENABLE_MODULES = YES;
				CLANG_ENABLE_OBJC_ARC = YES;
				CLANG_WARN_BOOL_CONVERSION = YES;
				CLANG_WARN_CONSTANT_CONVERSION = YES;
				CLANG_WARN_DIRECT_OBJC_ISA_USAGE = YES_ERROR;
				CLANG_WARN_EMPTY_BODY = YES;
				CLANG_WARN_ENUM_CONVERSION = YES;
				CLANG_WARN_INT_CONVERSION = YES;
				CLANG_WARN_OBJC_ROOT_CLASS = YES_ERROR;
				CLANG_WARN_UNREACHABLE_CODE = YES;
				CLANG_WARN__DUPLICATE_METHOD_MATCH = YES;
				"CODE_SIGN_IDENTITY[sdk=iphoneos*]" = "iPhone Developer";
				COPY_PHASE_STRIP = NO;
				DEBUG_INFORMATION_FORMAT = "dwarf-with-dsym";
				ENABLE_STRICT_OBJC_MSGSEND = YES;
				GCC_C_LANGUAGE_STANDARD = gnu99;
				GCC_DYNAMIC_NO_PIC = NO;
				GCC_NO_COMMON_BLOCKS = YES;
				GCC_OPTIMIZATION_LEVEL = 0;
				GCC_PREPROCESSOR_DEFINITIONS = (
					"DEBUG=1",
					"$(inherited)",
				);
				GCC_SYMBOLS_PRIVATE_EXTERN = NO;
				GCC_WARN_64_TO_32_BIT_CONVERSION = YES;
				GCC_WARN_ABOUT_RETURN_TYPE = YES_ERROR;
				GCC_WARN_UNDECLARED_SELECTOR = YES;
				GCC_WARN_UNINITIALIZED_AUTOS = YES_AGGRESSIVE;
				GCC_WARN_UNUSED_FUNCTION = YES;
				GCC_WARN_UNUSED_VARIABLE = YES;
				IPHONEOS_DEPLOYMENT_TARGET = 8.3;
				MTL_ENABLE_DEBUG_INFO = YES;
				ONLY_ACTIVE_ARCH = YES;
				SDKROOT = iphoneos;
				TARGETED_DEVICE_FAMILY = "1,2";
			};
			name = Debug;
		};
		725610B31B3362B900E52A42 /* Release */ = {
			isa = XCBuildConfiguration;
			buildSettings = {
				ALWAYS_SEARCH_USER_PATHS = NO;
				CLANG_CXX_LANGUAGE_STANDARD = "gnu++0x";
				CLANG_CXX_LIBRARY = "libc++";
				CLANG_ENABLE_MODULES = YES;
				CLANG_ENABLE_OBJC_ARC = YES;
				CLANG_WARN_BOOL_CONVERSION = YES;
				CLANG_WARN_CONSTANT_CONVERSION = YES;
				CLANG_WARN_DIRECT_OBJC_ISA_USAGE = YES_ERROR;
				CLANG_WARN_EMPTY_BODY = YES;
				CLANG_WARN_ENUM_CONVERSION = YES;
				CLANG_WARN_INT_CONVERSION = YES;
				CLANG_WARN_OBJC_ROOT_CLASS = YES_ERROR;
				CLANG_WARN_UNREACHABLE_CODE = YES;
				CLANG_WARN__DUPLICATE_METHOD_MATCH = YES;
				"CODE_SIGN_IDENTITY[sdk=iphoneos*]" = "iPhone Developer";
				COPY_PHASE_STRIP = NO;
				DEBUG_INFORMATION_FORMAT = "dwarf-with-dsym";
				ENABLE_NS_ASSERTIONS = NO;
				ENABLE_STRICT_OBJC_MSGSEND = YES;
				GCC_C_LANGUAGE_STANDARD = gnu99;
				GCC_NO_COMMON_BLOCKS = YES;
				GCC_WARN_64_TO_32_BIT_CONVERSION = YES;
				GCC_WARN_ABOUT_RETURN_TYPE = YES_ERROR;
				GCC_WARN_UNDECLARED_SELECTOR = YES;
				GCC_WARN_UNINITIALIZED_AUTOS = YES_AGGRESSIVE;
				GCC_WARN_UNUSED_FUNCTION = YES;
				GCC_WARN_UNUSED_VARIABLE = YES;
				IPHONEOS_DEPLOYMENT_TARGET = 8.3;
				MTL_ENABLE_DEBUG_INFO = NO;
				SDKROOT = iphoneos;
				TARGETED_DEVICE_FAMILY = "1,2";
				VALIDATE_PRODUCT = YES;
			};
			name = Release;
		};
		725610B51B3362B900E52A42 /* Debug */ = {
			isa = XCBuildConfiguration;
			baseConfigurationReference = 2B1DC82C3AF03702F71D016A /* Pods.debug.xcconfig */;
			buildSettings = {
				ASSETCATALOG_COMPILER_APPICON_NAME = AppIcon;
				ENABLE_BITCODE = NO;
				INFOPLIST_FILE = TrackMe/Info.plist;
				IPHONEOS_DEPLOYMENT_TARGET = 7.0;
				LD_RUNPATH_SEARCH_PATHS = "$(inherited) @executable_path/Frameworks";
				PRODUCT_BUNDLE_IDENTIFIER = com.pcdreams.trackme;
				PRODUCT_NAME = "$(TARGET_NAME)";
			};
			name = Debug;
		};
		725610B61B3362B900E52A42 /* Release */ = {
			isa = XCBuildConfiguration;
			baseConfigurationReference = BA808A83FE33D0998EE4A9FD /* Pods.release.xcconfig */;
			buildSettings = {
				ASSETCATALOG_COMPILER_APPICON_NAME = AppIcon;
				ENABLE_BITCODE = NO;
				INFOPLIST_FILE = TrackMe/Info.plist;
				IPHONEOS_DEPLOYMENT_TARGET = 7.0;
				LD_RUNPATH_SEARCH_PATHS = "$(inherited) @executable_path/Frameworks";
				PRODUCT_BUNDLE_IDENTIFIER = com.pcdreams.trackme;
				PRODUCT_NAME = "$(TARGET_NAME)";
			};
			name = Release;
		};
		725610B81B3362B900E52A42 /* Debug */ = {
			isa = XCBuildConfiguration;
			buildSettings = {
				BUNDLE_LOADER = "$(TEST_HOST)";
				FRAMEWORK_SEARCH_PATHS = (
					"$(SDKROOT)/Developer/Library/Frameworks",
					"$(inherited)",
				);
				GCC_PREPROCESSOR_DEFINITIONS = (
					"DEBUG=1",
					"$(inherited)",
				);
				INFOPLIST_FILE = TrackMeTests/Info.plist;
				LD_RUNPATH_SEARCH_PATHS = "$(inherited) @executable_path/Frameworks @loader_path/Frameworks";
				PRODUCT_NAME = "$(TARGET_NAME)";
				TEST_HOST = "$(BUILT_PRODUCTS_DIR)/TrackMe.app/TrackMe";
			};
			name = Debug;
		};
		725610B91B3362B900E52A42 /* Release */ = {
			isa = XCBuildConfiguration;
			buildSettings = {
				BUNDLE_LOADER = "$(TEST_HOST)";
				FRAMEWORK_SEARCH_PATHS = (
					"$(SDKROOT)/Developer/Library/Frameworks",
					"$(inherited)",
				);
				INFOPLIST_FILE = TrackMeTests/Info.plist;
				LD_RUNPATH_SEARCH_PATHS = "$(inherited) @executable_path/Frameworks @loader_path/Frameworks";
				PRODUCT_NAME = "$(TARGET_NAME)";
				TEST_HOST = "$(BUILT_PRODUCTS_DIR)/TrackMe.app/TrackMe";
			};
			name = Release;
		};
/* End XCBuildConfiguration section */

/* Begin XCConfigurationList section */
		725610891B3362B800E52A42 /* Build configuration list for PBXProject "TrackMe" */ = {
			isa = XCConfigurationList;
			buildConfigurations = (
				725610B21B3362B900E52A42 /* Debug */,
				725610B31B3362B900E52A42 /* Release */,
			);
			defaultConfigurationIsVisible = 0;
			defaultConfigurationName = Release;
		};
		725610B41B3362B900E52A42 /* Build configuration list for PBXNativeTarget "TrackMe" */ = {
			isa = XCConfigurationList;
			buildConfigurations = (
				725610B51B3362B900E52A42 /* Debug */,
				725610B61B3362B900E52A42 /* Release */,
			);
			defaultConfigurationIsVisible = 0;
			defaultConfigurationName = Release;
		};
		725610B71B3362B900E52A42 /* Build configuration list for PBXNativeTarget "TrackMeTests" */ = {
			isa = XCConfigurationList;
			buildConfigurations = (
				725610B81B3362B900E52A42 /* Debug */,
				725610B91B3362B900E52A42 /* Release */,
			);
			defaultConfigurationIsVisible = 0;
			defaultConfigurationName = Release;
		};
/* End XCConfigurationList section */

/* Begin XCVersionGroup section */
		725610981B3362B800E52A42 /* TrackMe.xcdatamodeld */ = {
			isa = XCVersionGroup;
			children = (
				725610991B3362B800E52A42 /* TrackMe.xcdatamodel */,
			);
			currentVersion = 725610991B3362B800E52A42 /* TrackMe.xcdatamodel */;
			path = TrackMe.xcdatamodeld;
			sourceTree = "<group>";
			versionGroupType = wrapper.xcdatamodel;
		};
/* End XCVersionGroup section */
	};
	rootObject = 725610861B3362B800E52A42 /* Project object */;
}
