// !$*UTF8*$!
{
	archiveVersion = 1;
	classes = {
	};
	objectVersion = 46;
	objects = {

/* Begin PBXBuildFile section */
		7204C9701B3A0D44000CB6AD /* CoreLocation.framework in Frameworks */ = {isa = PBXBuildFile; fileRef = 7204C96F1B3A0D44000CB6AD /* CoreLocation.framework */; };
		725610941B3362B800E52A42 /* main.m in Sources */ = {isa = PBXBuildFile; fileRef = 725610931B3362B800E52A42 /* main.m */; };
		725610971B3362B800E52A42 /* AppDelegate.m in Sources */ = {isa = PBXBuildFile; fileRef = 725610961B3362B800E52A42 /* AppDelegate.m */; };
		7256109A1B3362B800E52A42 /* TrackMe.xcdatamodeld in Sources */ = {isa = PBXBuildFile; fileRef = 725610981B3362B800E52A42 /* TrackMe.xcdatamodeld */; };
		7256109D1B3362B800E52A42 /* ViewController.m in Sources */ = {isa = PBXBuildFile; fileRef = 7256109C1B3362B800E52A42 /* ViewController.m */; };
		725610A01B3362B800E52A42 /* Main.storyboard in Resources */ = {isa = PBXBuildFile; fileRef = 7256109E1B3362B800E52A42 /* Main.storyboard */; };
		725610A21B3362B800E52A42 /* Images.xcassets in Resources */ = {isa = PBXBuildFile; fileRef = 725610A11B3362B800E52A42 /* Images.xcassets */; };
		725610A51B3362B800E52A42 /* LaunchScreen.xib in Resources */ = {isa = PBXBuildFile; fileRef = 725610A31B3362B800E52A42 /* LaunchScreen.xib */; };
		725610B11B3362B900E52A42 /* TrackMeTests.m in Sources */ = {isa = PBXBuildFile; fileRef = 725610B01B3362B900E52A42 /* TrackMeTests.m */; };
/* End PBXBuildFile section */

/* Begin PBXContainerItemProxy section */
		725610AB1B3362B900E52A42 /* PBXContainerItemProxy */ = {
			isa = PBXContainerItemProxy;
			containerPortal = 725610861B3362B800E52A42 /* Project object */;
			proxyType = 1;
			remoteGlobalIDString = 7256108D1B3362B800E52A42;
			remoteInfo = TrackMe;
		};
/* End PBXContainerItemProxy section */

/* Begin PBXFileReference section */
		7204C96F1B3A0D44000CB6AD /* CoreLocation.framework */ = {isa = PBXFileReference; lastKnownFileType = wrapper.framework; name = CoreLocation.framework; path = System/Library/Frameworks/CoreLocation.framework; sourceTree = SDKROOT; };
		7256108E1B3362B800E52A42 /* TrackMe.app */ = {isa = PBXFileReference; explicitFileType = wrapper.application; includeInIndex = 0; path = TrackMe.app; sourceTree = BUILT_PRODUCTS_DIR; };
		725610921B3362B800E52A42 /* Info.plist */ = {isa = PBXFileReference; lastKnownFileType = text.plist.xml; path = Info.plist; sourceTree = "<group>"; };
		725610931B3362B800E52A42 /* main.m */ = {isa = PBXFileReference; lastKnownFileType = sourcecode.c.objc; path = main.m; sourceTree = "<group>"; };
		725610951B3362B800E52A42 /* AppDelegate.h */ = {isa = PBXFileReference; lastKnownFileType = sourcecode.c.h; path = AppDelegate.h; sourceTree = "<group>"; };
		725610961B3362B800E52A42 /* AppDelegate.m */ = {isa = PBXFileReference; lastKnownFileType = sourcecode.c.objc; path = AppDelegate.m; sourceTree = "<group>"; };
		725610991B3362B800E52A42 /* TrackMe.xcdatamodel */ = {isa = PBXFileReference; lastKnownFileType = wrapper.xcdatamodel; path = TrackMe.xcdatamodel; sourceTree = "<group>"; };
		7256109B1B3362B800E52A42 /* ViewController.h */ = {isa = PBXFileReference; lastKnownFileType = sourcecode.c.h; path = ViewController.h; sourceTree = "<group>"; };
		7256109C1B3362B800E52A42 /* ViewController.m */ = {isa = PBXFileReference; lastKnownFileType = sourcecode.c.objc; path = ViewController.m; sourceTree = "<group>"; };
		7256109F1B3362B800E52A42 /* Base */ = {isa = PBXFileReference; lastKnownFileType = file.storyboard; name = Base; path = Base.lproj/Main.storyboard; sourceTree = "<group>"; };
		725610A11B3362B800E52A42 /* Images.xcassets */ = {isa = PBXFileReference; lastKnownFileType = folder.assetcatalog; path = Images.xcassets; sourceTree = "<group>"; };
		725610A41B3362B800E52A42 /* Base */ = {isa = PBXFileReference; lastKnownFileType = file.xib; name = Base; path = Base.lproj/LaunchScreen.xib; sourceTree = "<group>"; };
		725610AA1B3362B900E52A42 /* TrackMeTests.xctest */ = {isa = PBXFileReference; explicitFileType = wrapper.cfbundle; includeInIndex = 0; path = TrackMeTests.xctest; sourceTree = BUILT_PRODUCTS_DIR; };
		725610AF1B3362B900E52A42 /* Info.plist */ = {isa = PBXFileReference; lastKnownFileType = text.plist.xml; path = Info.plist; sourceTree = "<group>"; };
		725610B01B3362B900E52A42 /* TrackMeTests.m */ = {isa = PBXFileReference; lastKnownFileType = sourcecode.c.objc; path = TrackMeTests.m; sourceTree = "<group>"; };
/* End PBXFileReference section */

/* Begin PBXFrameworksBuildPhase section */
		7256108B1B3362B800E52A42 /* Frameworks */ = {
			isa = PBXFrameworksBuildPhase;
			buildActionMask = 2147483647;
			files = (
				7204C9701B3A0D44000CB6AD /* CoreLocation.framework in Frameworks */,
			);
			runOnlyForDeploymentPostprocessing = 0;
		};
		725610A71B3362B900E52A42 /* Frameworks */ = {
			isa = PBXFrameworksBuildPhase;
			buildActionMask = 2147483647;
			files = (
			);
			runOnlyForDeploymentPostprocessing = 0;
		};
/* End PBXFrameworksBuildPhase section */

/* Begin PBXGroup section */
		725610851B3362B800E52A42 = {
			isa = PBXGroup;
			children = (
				7204C96F1B3A0D44000CB6AD /* CoreLocation.framework */,
				725610901B3362B800E52A42 /* TrackMe */,
				725610AD1B3362B900E52A42 /* TrackMeTests */,
				7256108F1B3362B800E52A42 /* Products */,
			);
			sourceTree = "<group>";
		};
		7256108F1B3362B800E52A42 /* Products */ = {
			isa = PBXGroup;
			children = (
				7256108E1B3362B800E52A42 /* TrackMe.app */,
				725610AA1B3362B900E52A42 /* TrackMeTests.xctest */,
			);
			name = Products;
			sourceTree = "<group>";
		};
		725610901B3362B800E52A42 /* TrackMe */ = {
			isa = PBXGroup;
			children = (
				725610951B3362B800E52A42 /* AppDelegate.h */,
				725610961B3362B800E52A42 /* AppDelegate.m */,
				7256109B1B3362B800E52A42 /* ViewController.h */,
				7256109C1B3362B800E52A42 /* ViewController.m */,
				7256109E1B3362B800E52A42 /* Main.storyboard */,
				725610A11B3362B800E52A42 /* Images.xcassets */,
				725610A31B3362B800E52A42 /* LaunchScreen.xib */,
				725610981B3362B800E52A42 /* TrackMe.xcdatamodeld */,
				725610911B3362B800E52A42 /* Supporting Files */,
			);
			path = TrackMe;
			sourceTree = "<group>";
		};
		725610911B3362B800E52A42 /* Supporting Files */ = {
			isa = PBXGroup;
			children = (
				725610921B3362B800E52A42 /* Info.plist */,
				725610931B3362B800E52A42 /* main.m */,
			);
			name = "Supporting Files";
			sourceTree = "<group>";
		};
		725610AD1B3362B900E52A42 /* TrackMeTests */ = {
			isa = PBXGroup;
			children = (
				725610B01B3362B900E52A42 /* TrackMeTests.m */,
				725610AE1B3362B900E52A42 /* Supporting Files */,
			);
			path = TrackMeTests;
			sourceTree = "<group>";
		};
		725610AE1B3362B900E52A42 /* Supporting Files */ = {
			isa = PBXGroup;
			children = (
				725610AF1B3362B900E52A42 /* Info.plist */,
			);
			name = "Supporting Files";
			sourceTree = "<group>";
		};
/* End PBXGroup section */

/* Begin PBXNativeTarget section */
		7256108D1B3362B800E52A42 /* TrackMe */ = {
			isa = PBXNativeTarget;
			buildConfigurationList = 725610B41B3362B900E52A42 /* Build configuration list for PBXNativeTarget "TrackMe" */;
			buildPhases = (
				7256108A1B3362B800E52A42 /* Sources */,
				7256108B1B3362B800E52A42 /* Frameworks */,
				7256108C1B3362B800E52A42 /* Resources */,
			);
			buildRules = (
			);
			dependencies = (
			);
			name = TrackMe;
			productName = TrackMe;
			productReference = 7256108E1B3362B800E52A42 /* TrackMe.app */;
			productType = "com.apple.product-type.application";
		};
		725610A91B3362B900E52A42 /* TrackMeTests */ = {
			isa = PBXNativeTarget;
			buildConfigurationList = 725610B71B3362B900E52A42 /* Build configuration list for PBXNativeTarget "TrackMeTests" */;
			buildPhases = (
				725610A61B3362B900E52A42 /* Sources */,
				725610A71B3362B900E52A42 /* Frameworks */,
				725610A81B3362B900E52A42 /* Resources */,
			);
			buildRules = (
			);
			dependencies = (
				725610AC1B3362B900E52A42 /* PBXTargetDependency */,
			);
			name = TrackMeTests;
			productName = TrackMeTests;
			productReference = 725610AA1B3362B900E52A42 /* TrackMeTests.xctest */;
			productType = "com.apple.product-type.bundle.unit-test";
		};
/* End PBXNativeTarget section */

/* Begin PBXProject section */
		725610861B3362B800E52A42 /* Project object */ = {
			isa = PBXProject;
			attributes = {
				LastUpgradeCheck = 0630;
				ORGANIZATIONNAME = "Paulo Cristo";
				TargetAttributes = {
					7256108D1B3362B800E52A42 = {
						CreatedOnToolsVersion = 6.3.2;
					};
					725610A91B3362B900E52A42 = {
						CreatedOnToolsVersion = 6.3.2;
						TestTargetID = 7256108D1B3362B800E52A42;
					};
				};
			};
			buildConfigurationList = 725610891B3362B800E52A42 /* Build configuration list for PBXProject "TrackMe" */;
			compatibilityVersion = "Xcode 3.2";
			developmentRegion = English;
			hasScannedForEncodings = 0;
			knownRegions = (
				en,
				Base,
			);
			mainGroup = 725610851B3362B800E52A42;
			productRefGroup = 7256108F1B3362B800E52A42 /* Products */;
			projectDirPath = "";
			projectRoot = "";
			targets = (
				7256108D1B3362B800E52A42 /* TrackMe */,
				725610A91B3362B900E52A42 /* TrackMeTests */,
			);
		};
/* End PBXProject section */

/* Begin PBXResourcesBuildPhase section */
		7256108C1B3362B800E52A42 /* Resources */ = {
			isa = PBXResourcesBuildPhase;
			buildActionMask = 2147483647;
			files = (
				725610A01B3362B800E52A42 /* Main.storyboard in Resources */,
				725610A51B3362B800E52A42 /* LaunchScreen.xib in Resources */,
				725610A21B3362B800E52A42 /* Images.xcassets in Resources */,
			);
			runOnlyForDeploymentPostprocessing = 0;
		};
		725610A81B3362B900E52A42 /* Resources */ = {
			isa = PBXResourcesBuildPhase;
			buildActionMask = 2147483647;
			files = (
			);
			runOnlyForDeploymentPostprocessing = 0;
		};
/* End PBXResourcesBuildPhase section */

/* Begin PBXSourcesBuildPhase section */
		7256108A1B3362B800E52A42 /* Sources */ = {
			isa = PBXSourcesBuildPhase;
			buildActionMask = 2147483647;
			files = (
				725610971B3362B800E52A42 /* AppDelegate.m in Sources */,
				7256109A1B3362B800E52A42 /* TrackMe.xcdatamodeld in Sources */,
				7256109D1B3362B800E52A42 /* ViewController.m in Sources */,
				725610941B3362B800E52A42 /* main.m in Sources */,
			);
			runOnlyForDeploymentPostprocessing = 0;
		};
		725610A61B3362B900E52A42 /* Sources */ = {
			isa = PBXSourcesBuildPhase;
			buildActionMask = 2147483647;
			files = (
				725610B11B3362B900E52A42 /* TrackMeTests.m in Sources */,
			);
			runOnlyForDeploymentPostprocessing = 0;
		};
/* End PBXSourcesBuildPhase section */

/* Begin PBXTargetDependency section */
		725610AC1B3362B900E52A42 /* PBXTargetDependency */ = {
			isa = PBXTargetDependency;
			target = 7256108D1B3362B800E52A42 /* TrackMe */;
			targetProxy = 725610AB1B3362B900E52A42 /* PBXContainerItemProxy */;
		};
/* End PBXTargetDependency section */

/* Begin PBXVariantGroup section */
		7256109E1B3362B800E52A42 /* Main.storyboard */ = {
			isa = PBXVariantGroup;
			children = (
				7256109F1B3362B800E52A42 /* Base */,
			);
			name = Main.storyboard;
			sourceTree = "<group>";
		};
		725610A31B3362B800E52A42 /* LaunchScreen.xib */ = {
			isa = PBXVariantGroup;
			children = (
				725610A41B3362B800E52A42 /* Base */,
			);
			name = LaunchScreen.xib;
			sourceTree = "<group>";
		};
/* End PBXVariantGroup section */

/* Begin XCBuildConfiguration section */
		725610B21B3362B900E52A42 /* Debug */ = {
			isa = XCBuildConfiguration;
			buildSettings = {
				ALWAYS_SEARCH_USER_PATHS = NO;
				CLANG_CXX_LANGUAGE_STANDARD = "gnu++0x";
				CLANG_CXX_LIBRARY = "libc++";
				CLANG_ENABLE_MODULES = YES;
				CLANG_ENABLE_OBJC_ARC = YES;
				CLANG_WARN_BOOL_CONVERSION = YES;
				CLANG_WARN_CONSTANT_CONVERSION = YES;
				CLANG_WARN_DIRECT_OBJC_ISA_USAGE = YES_ERROR;
				CLANG_WARN_EMPTY_BODY = YES;
				CLANG_WARN_ENUM_CONVERSION = YES;
				CLANG_WARN_INT_CONVERSION = YES;
				CLANG_WARN_OBJC_ROOT_CLASS = YES_ERROR;
				CLANG_WARN_UNREACHABLE_CODE = YES;
				CLANG_WARN__DUPLICATE_METHOD_MATCH = YES;
				"CODE_SIGN_IDENTITY[sdk=iphoneos*]" = "iPhone Developer";
				COPY_PHASE_STRIP = NO;
				DEBUG_INFORMATION_FORMAT = "dwarf-with-dsym";
				ENABLE_STRICT_OBJC_MSGSEND = YES;
				GCC_C_LANGUAGE_STANDARD = gnu99;
				GCC_DYNAMIC_NO_PIC = NO;
				GCC_NO_COMMON_BLOCKS = YES;
				GCC_OPTIMIZATION_LEVEL = 0;
				GCC_PREPROCESSOR_DEFINITIONS = (
					"DEBUG=1",
					"$(inherited)",
				);
				GCC_SYMBOLS_PRIVATE_EXTERN = NO;
				GCC_WARN_64_TO_32_BIT_CONVERSION = YES;
				GCC_WARN_ABOUT_RETURN_TYPE = YES_ERROR;
				GCC_WARN_UNDECLARED_SELECTOR = YES;
				GCC_WARN_UNINITIALIZED_AUTOS = YES_AGGRESSIVE;
				GCC_WARN_UNUSED_FUNCTION = YES;
				GCC_WARN_UNUSED_VARIABLE = YES;
				IPHONEOS_DEPLOYMENT_TARGET = 8.3;
				MTL_ENABLE_DEBUG_INFO = YES;
				ONLY_ACTIVE_ARCH = YES;
				SDKROOT = iphoneos;
				TARGETED_DEVICE_FAMILY = "1,2";
			};
			name = Debug;
		};
		725610B31B3362B900E52A42 /* Release */ = {
			isa = XCBuildConfiguration;
			buildSettings = {
				ALWAYS_SEARCH_USER_PATHS = NO;
				CLANG_CXX_LANGUAGE_STANDARD = "gnu++0x";
				CLANG_CXX_LIBRARY = "libc++";
				CLANG_ENABLE_MODULES = YES;
				CLANG_ENABLE_OBJC_ARC = YES;
				CLANG_WARN_BOOL_CONVERSION = YES;
				CLANG_WARN_CONSTANT_CONVERSION = YES;
				CLANG_WARN_DIRECT_OBJC_ISA_USAGE = YES_ERROR;
				CLANG_WARN_EMPTY_BODY = YES;
				CLANG_WARN_ENUM_CONVERSION = YES;
				CLANG_WARN_INT_CONVERSION = YES;
				CLANG_WARN_OBJC_ROOT_CLASS = YES_ERROR;
				CLANG_WARN_UNREACHABLE_CODE = YES;
				CLANG_WARN__DUPLICATE_METHOD_MATCH = YES;
				"CODE_SIGN_IDENTITY[sdk=iphoneos*]" = "iPhone Developer";
				COPY_PHASE_STRIP = NO;
				DEBUG_INFORMATION_FORMAT = "dwarf-with-dsym";
				ENABLE_NS_ASSERTIONS = NO;
				ENABLE_STRICT_OBJC_MSGSEND = YES;
				GCC_C_LANGUAGE_STANDARD = gnu99;
				GCC_NO_COMMON_BLOCKS = YES;
				GCC_WARN_64_TO_32_BIT_CONVERSION = YES;
				GCC_WARN_ABOUT_RETURN_TYPE = YES_ERROR;
				GCC_WARN_UNDECLARED_SELECTOR = YES;
				GCC_WARN_UNINITIALIZED_AUTOS = YES_AGGRESSIVE;
				GCC_WARN_UNUSED_FUNCTION = YES;
				GCC_WARN_UNUSED_VARIABLE = YES;
				IPHONEOS_DEPLOYMENT_TARGET = 8.3;
				MTL_ENABLE_DEBUG_INFO = NO;
				SDKROOT = iphoneos;
				TARGETED_DEVICE_FAMILY = "1,2";
				VALIDATE_PRODUCT = YES;
			};
			name = Release;
		};
		725610B51B3362B900E52A42 /* Debug */ = {
			isa = XCBuildConfiguration;
			buildSettings = {
				ASSETCATALOG_COMPILER_APPICON_NAME = AppIcon;
				INFOPLIST_FILE = TrackMe/Info.plist;
				IPHONEOS_DEPLOYMENT_TARGET = 7.0;
				LD_RUNPATH_SEARCH_PATHS = "$(inherited) @executable_path/Frameworks";
				PRODUCT_NAME = "$(TARGET_NAME)";
			};
			name = Debug;
		};
		725610B61B3362B900E52A42 /* Release */ = {
			isa = XCBuildConfiguration;
			buildSettings = {
				ASSETCATALOG_COMPILER_APPICON_NAME = AppIcon;
				INFOPLIST_FILE = TrackMe/Info.plist;
				IPHONEOS_DEPLOYMENT_TARGET = 7.0;
				LD_RUNPATH_SEARCH_PATHS = "$(inherited) @executable_path/Frameworks";
				PRODUCT_NAME = "$(TARGET_NAME)";
			};
			name = Release;
		};
		725610B81B3362B900E52A42 /* Debug */ = {
			isa = XCBuildConfiguration;
			buildSettings = {
				BUNDLE_LOADER = "$(TEST_HOST)";
				FRAMEWORK_SEARCH_PATHS = (
					"$(SDKROOT)/Developer/Library/Frameworks",
					"$(inherited)",
				);
				GCC_PREPROCESSOR_DEFINITIONS = (
					"DEBUG=1",
					"$(inherited)",
				);
				INFOPLIST_FILE = TrackMeTests/Info.plist;
				LD_RUNPATH_SEARCH_PATHS = "$(inherited) @executable_path/Frameworks @loader_path/Frameworks";
				PRODUCT_NAME = "$(TARGET_NAME)";
				TEST_HOST = "$(BUILT_PRODUCTS_DIR)/TrackMe.app/TrackMe";
			};
			name = Debug;
		};
		725610B91B3362B900E52A42 /* Release */ = {
			isa = XCBuildConfiguration;
			buildSettings = {
				BUNDLE_LOADER = "$(TEST_HOST)";
				FRAMEWORK_SEARCH_PATHS = (
					"$(SDKROOT)/Developer/Library/Frameworks",
					"$(inherited)",
				);
				INFOPLIST_FILE = TrackMeTests/Info.plist;
				LD_RUNPATH_SEARCH_PATHS = "$(inherited) @executable_path/Frameworks @loader_path/Frameworks";
				PRODUCT_NAME = "$(TARGET_NAME)";
				TEST_HOST = "$(BUILT_PRODUCTS_DIR)/TrackMe.app/TrackMe";
			};
			name = Release;
		};
/* End XCBuildConfiguration section */

/* Begin XCConfigurationList section */
		725610891B3362B800E52A42 /* Build configuration list for PBXProject "TrackMe" */ = {
			isa = XCConfigurationList;
			buildConfigurations = (
				725610B21B3362B900E52A42 /* Debug */,
				725610B31B3362B900E52A42 /* Release */,
			);
			defaultConfigurationIsVisible = 0;
			defaultConfigurationName = Release;
		};
		725610B41B3362B900E52A42 /* Build configuration list for PBXNativeTarget "TrackMe" */ = {
			isa = XCConfigurationList;
			buildConfigurations = (
				725610B51B3362B900E52A42 /* Debug */,
				725610B61B3362B900E52A42 /* Release */,
			);
			defaultConfigurationIsVisible = 0;
			defaultConfigurationName = Release;
		};
		725610B71B3362B900E52A42 /* Build configuration list for PBXNativeTarget "TrackMeTests" */ = {
			isa = XCConfigurationList;
			buildConfigurations = (
				725610B81B3362B900E52A42 /* Debug */,
				725610B91B3362B900E52A42 /* Release */,
			);
			defaultConfigurationIsVisible = 0;
			defaultConfigurationName = Release;
		};
/* End XCConfigurationList section */

/* Begin XCVersionGroup section */
		725610981B3362B800E52A42 /* TrackMe.xcdatamodeld */ = {
			isa = XCVersionGroup;
			children = (
				725610991B3362B800E52A42 /* TrackMe.xcdatamodel */,
			);
			currentVersion = 725610991B3362B800E52A42 /* TrackMe.xcdatamodel */;
			path = TrackMe.xcdatamodeld;
			sourceTree = "<group>";
			versionGroupType = wrapper.xcdatamodel;
		};
/* End XCVersionGroup section */
	};
	rootObject = 725610861B3362B800E52A42 /* Project object */;
}
